version: 6
environments:
  default:
    channels:
    - url: https://conda.anaconda.org/conda-forge/
    packages:
      win-64:
      - conda: https://conda.anaconda.org/conda-forge/win-64/bzip2-1.0.8-h0ad9c76_8.conda
      - conda: https://conda.anaconda.org/conda-forge/noarch/ca-certificates-2025.11.12-h4c7d964_0.conda
      - conda: https://conda.anaconda.org/conda-forge/win-64/eigen-3.4.0-h477610d_1.conda
      - conda: https://conda.anaconda.org/conda-forge/win-64/fftw-3.3.10-nompi_h6877c38_111.conda
      - conda: https://conda.anaconda.org/conda-forge/win-64/hdf5-1.14.6-nompi_he30205f_103.conda
      - conda: https://conda.anaconda.org/conda-forge/win-64/krb5-1.21.3-hdf4eb48_0.conda
      - conda: https://conda.anaconda.org/conda-forge/win-64/lerc-4.0.0-h6470a55_1.conda
      - conda: https://conda.anaconda.org/conda-forge/win-64/libaec-1.1.4-h20038f6_0.conda
      - conda: https://conda.anaconda.org/conda-forge/win-64/libcurl-8.17.0-h43ecb02_0.conda
      - conda: https://conda.anaconda.org/conda-forge/win-64/libdeflate-1.25-h51727cc_0.conda
      - conda: https://conda.anaconda.org/conda-forge/win-64/libexpat-2.7.3-hac47afa_0.conda
      - conda: https://conda.anaconda.org/conda-forge/win-64/libffi-3.5.2-h52bdfb6_0.conda
      - conda: https://conda.anaconda.org/conda-forge/win-64/libhwloc-2.12.1-default_h64bd3f2_1002.conda
      - conda: https://conda.anaconda.org/conda-forge/win-64/libiconv-1.18-hc1393d2_2.conda
      - conda: https://conda.anaconda.org/conda-forge/win-64/libitk-5.4.5-hb27c29c_0.conda
      - conda: https://conda.anaconda.org/conda-forge/win-64/libjpeg-turbo-3.1.2-hfd05255_0.conda
      - conda: https://conda.anaconda.org/conda-forge/win-64/liblzma-5.8.1-h2466b09_2.conda
      - conda: https://conda.anaconda.org/conda-forge/win-64/libmpdec-4.0.0-h2466b09_0.conda
      - conda: https://conda.anaconda.org/conda-forge/win-64/libsqlite-3.51.1-hf5d6505_0.conda
      - conda: https://conda.anaconda.org/conda-forge/win-64/libssh2-1.11.1-h9aa295b_0.conda
      - conda: https://conda.anaconda.org/conda-forge/win-64/libtiff-4.7.1-h8f73337_1.conda
      - conda: https://conda.anaconda.org/conda-forge/win-64/libwinpthread-12.0.0.r4.gg4f2fc60ca-h57928b3_10.conda
      - conda: https://conda.anaconda.org/conda-forge/win-64/libxml2-16-2.15.1-h692994f_0.conda
      - conda: https://conda.anaconda.org/conda-forge/win-64/libxml2-2.15.1-h5d26750_0.conda
      - conda: https://conda.anaconda.org/conda-forge/win-64/libzlib-1.3.1-h2466b09_2.conda
      - conda: https://conda.anaconda.org/conda-forge/win-64/openssl-3.6.0-h725018a_0.conda
      - conda: https://conda.anaconda.org/conda-forge/win-64/python-3.14.0-h4b44e0e_102_cp314.conda
      - conda: https://conda.anaconda.org/conda-forge/noarch/python_abi-3.14-8_cp314.conda
      - conda: https://conda.anaconda.org/conda-forge/win-64/simpleitk-2.5.3-py314h24516a5_0.conda
      - conda: https://conda.anaconda.org/conda-forge/win-64/tbb-2022.3.0-hd094cb3_1.conda
      - conda: https://conda.anaconda.org/conda-forge/win-64/tk-8.6.13-h2c6b04d_3.conda
      - conda: https://conda.anaconda.org/conda-forge/noarch/tzdata-2025b-h78e105d_0.conda
      - conda: https://conda.anaconda.org/conda-forge/win-64/ucrt-10.0.26100.0-h57928b3_0.conda
      - conda: https://conda.anaconda.org/conda-forge/win-64/vc-14.3-h2b53caa_32.conda
      - conda: https://conda.anaconda.org/conda-forge/win-64/vc14_runtime-14.44.35208-h818238b_32.conda
      - conda: https://conda.anaconda.org/conda-forge/win-64/vcomp14-14.44.35208-h818238b_32.conda
      - conda: https://conda.anaconda.org/conda-forge/win-64/zstd-1.5.7-h1b5488d_5.conda
packages:
- conda: https://conda.anaconda.org/conda-forge/win-64/bzip2-1.0.8-h0ad9c76_8.conda
  sha256: d882712855624641f48aa9dc3f5feea2ed6b4e6004585d3616386a18186fe692
  md5: 1077e9333c41ff0be8edd1a5ec0ddace
  depends:
  - ucrt >=10.0.20348.0
  - vc >=14.3,<15
  - vc14_runtime >=14.44.35208
  license: bzip2-1.0.6
  license_family: BSD
  size: 55977
  timestamp: 1757437738856
- conda: https://conda.anaconda.org/conda-forge/noarch/ca-certificates-2025.11.12-h4c7d964_0.conda
  sha256: 686a13bd2d4024fc99a22c1e0e68a7356af3ed3304a8d3ff6bb56249ad4e82f0
  md5: f98fb7db808b94bc1ec5b0e62f9f1069
  depends:
  - __win
  license: ISC
  size: 152827
  timestamp: 1762967310929
- conda: https://conda.anaconda.org/conda-forge/win-64/eigen-3.4.0-h477610d_1.conda
  sha256: 39d6fa1245ef8c226ff3e485e947770e3b9c7d65fed6c42bd297e2b218b4ddab
  md5: 8ac3430db715982d054a004133ae8ae2
  depends:
  - vc >=14.3,<15
  - vc14_runtime >=14.44.35208
  - ucrt >=10.0.20348.0
  - vc >=14.3,<15
  - vc14_runtime >=14.44.35208
  - ucrt >=10.0.20348.0
  license: MPL-2.0
  license_family: MOZILLA
  size: 1166663
  timestamp: 1759819842269
- conda: https://conda.anaconda.org/conda-forge/win-64/fftw-3.3.10-nompi_h6877c38_111.conda
  sha256: 0ecc62f0c0c42b4eca99f82cf4b9cdef96fb2472394d418b8f7d0fbafd504e1e
  md5: 3f66746aee35ea4b96bf18c15df79dea
  depends:
  - ucrt >=10.0.20348.0
  - vc >=14.3,<15
  - vc14_runtime >=14.44.35208
  license: GPL-2.0-or-later
  license_family: GPL
  size: 1083064
  timestamp: 1763239846623
- conda: https://conda.anaconda.org/conda-forge/win-64/hdf5-1.14.6-nompi_he30205f_103.conda
  sha256: 0a90263b97e9860cec6c2540160ff1a1fff2a609b3d96452f8716ae63489dac5
  md5: f1f7aaf642cefd2190582550eaca4658
  depends:
  - libaec >=1.1.4,<2.0a0
  - libcurl >=8.14.1,<9.0a0
  - libzlib >=1.3.1,<2.0a0
  - openssl >=3.5.1,<4.0a0
  - ucrt >=10.0.20348.0
  - vc >=14.3,<15
  - vc14_runtime >=14.44.35208
  license: BSD-3-Clause
  license_family: BSD
  size: 2031491
  timestamp: 1753357255237
- conda: https://conda.anaconda.org/conda-forge/win-64/krb5-1.21.3-hdf4eb48_0.conda
  sha256: 18e8b3430d7d232dad132f574268f56b3eb1a19431d6d5de8c53c29e6c18fa81
  md5: 31aec030344e962fbd7dbbbbd68e60a9
  depends:
  - openssl >=3.3.1,<4.0a0
  - ucrt >=10.0.20348.0
  - vc >=14.2,<15
  - vc14_runtime >=14.29.30139
  license: MIT
  license_family: MIT
  size: 712034
  timestamp: 1719463874284
- conda: https://conda.anaconda.org/conda-forge/win-64/lerc-4.0.0-h6470a55_1.conda
  sha256: 868a3dff758cc676fa1286d3f36c3e0101cca56730f7be531ab84dc91ec58e9d
  md5: c1b81da6d29a14b542da14a36c9fbf3f
  depends:
  - ucrt >=10.0.20348.0
  - vc >=14.2,<15
  - vc14_runtime >=14.29.30139
  license: Apache-2.0
  license_family: Apache
  size: 164701
  timestamp: 1745264384716
- conda: https://conda.anaconda.org/conda-forge/win-64/libaec-1.1.4-h20038f6_0.conda
  sha256: 0be89085effce9fdcbb6aea7acdb157b18793162f68266ee0a75acf615d4929b
  md5: 85a2bed45827d77d5b308cb2b165404f
  depends:
  - ucrt >=10.0.20348.0
  - vc >=14.2,<15
  - vc14_runtime >=14.29.30139
  license: BSD-2-Clause
  license_family: BSD
  size: 33847
  timestamp: 1749993666162
- conda: https://conda.anaconda.org/conda-forge/win-64/libcurl-8.17.0-h43ecb02_0.conda
  sha256: 651daa5d2bad505b5c72b1d5d4d8c7fc0776ab420e67af997ca9391b6854b1b3
  md5: cfade9be135edb796837e7d4c288c0fb
  depends:
  - krb5 >=1.21.3,<1.22.0a0
  - libssh2 >=1.11.1,<2.0a0
  - libzlib >=1.3.1,<2.0a0
  - ucrt >=10.0.20348.0
  - vc >=14.3,<15
  - vc14_runtime >=14.44.35208
  license: curl
  license_family: MIT
  size: 378897
  timestamp: 1762333969177
- conda: https://conda.anaconda.org/conda-forge/win-64/libdeflate-1.25-h51727cc_0.conda
  sha256: 834e4881a18b690d5ec36f44852facd38e13afe599e369be62d29bd675f107ee
  md5: e77030e67343e28b084fabd7db0ce43e
  depends:
  - ucrt >=10.0.20348.0
  - vc >=14.3,<15
  - vc14_runtime >=14.44.35208
  license: MIT
  license_family: MIT
  size: 156818
  timestamp: 1761979842440
- conda: https://conda.anaconda.org/conda-forge/win-64/libexpat-2.7.3-hac47afa_0.conda
  sha256: 844ab708594bdfbd7b35e1a67c379861bcd180d6efe57b654f482ae2f7f5c21e
  md5: 8c9e4f1a0e688eef2e95711178061a0f
  depends:
  - ucrt >=10.0.20348.0
  - vc >=14.3,<15
  - vc14_runtime >=14.44.35208
  constrains:
  - expat 2.7.3.*
  license: MIT
  license_family: MIT
  size: 70137
  timestamp: 1763550049107
- conda: https://conda.anaconda.org/conda-forge/win-64/libffi-3.5.2-h52bdfb6_0.conda
  sha256: ddff25aaa4f0aa535413f5d831b04073789522890a4d8626366e43ecde1534a3
  md5: ba4ad812d2afc22b9a34ce8327a0930f
  depends:
  - ucrt >=10.0.20348.0
  - vc >=14.3,<15
  - vc14_runtime >=14.44.35208
  license: MIT
  license_family: MIT
  size: 44866
  timestamp: 1760295760649
- conda: https://conda.anaconda.org/conda-forge/win-64/libhwloc-2.12.1-default_h64bd3f2_1002.conda
  sha256: 266dfe151066c34695dbdc824ba1246b99f016115ef79339cbcf005ac50527c1
  md5: b0cac6e5b06ca5eeb14b4f7cf908619f
  depends:
  - libwinpthread >=12.0.0.r4.gg4f2fc60ca
  - libxml2
  - libxml2-16 >=2.14.6
  - ucrt >=10.0.20348.0
  - vc >=14.3,<15
  - vc14_runtime >=14.44.35208
  license: BSD-3-Clause
  license_family: BSD
  size: 2414731
  timestamp: 1757624335056
- conda: https://conda.anaconda.org/conda-forge/win-64/libiconv-1.18-hc1393d2_2.conda
  sha256: 0dcdb1a5f01863ac4e8ba006a8b0dc1a02d2221ec3319b5915a1863254d7efa7
  md5: 64571d1dd6cdcfa25d0664a5950fdaa2
  depends:
  - ucrt >=10.0.20348.0
  - vc >=14.3,<15
  - vc14_runtime >=14.44.35208
  license: LGPL-2.1-only
  size: 696926
  timestamp: 1754909290005
- conda: https://conda.anaconda.org/conda-forge/win-64/libitk-5.4.5-hb27c29c_0.conda
  sha256: 82d49e4f38cdc6376fffcb51bfe3a9096d9cb2e924db7ac79f04d8538b002d69
  md5: 7e3996a4c7c083ee847786e8dd987a68
  depends:
  - eigen
  - fftw >=3.3.10,<4.0a0
  - hdf5 >=1.14.6,<1.14.7.0a0
  - libjpeg-turbo >=3.1.2,<4.0a0
  - libtiff >=4.7.1,<4.8.0a0
  - tbb >=2021.13.0
  - ucrt >=10.0.20348.0
  - vc >=14.3,<15
  - vc14_runtime >=14.44.35208
  license: Apache-2.0
  license_family: APACHE
  size: 4240487
  timestamp: 1763646300552
- conda: https://conda.anaconda.org/conda-forge/win-64/libjpeg-turbo-3.1.2-hfd05255_0.conda
  sha256: 795e2d4feb2f7fc4a2c6e921871575feb32b8082b5760726791f080d1e2c2597
  md5: 56a686f92ac0273c0f6af58858a3f013
  depends:
  - ucrt >=10.0.20348.0
  - vc >=14.3,<15
  - vc14_runtime >=14.44.35208
  constrains:
  - jpeg <0.0.0a
  license: IJG AND BSD-3-Clause AND Zlib
  size: 841783
  timestamp: 1762094814336
- conda: https://conda.anaconda.org/conda-forge/win-64/liblzma-5.8.1-h2466b09_2.conda
  sha256: 55764956eb9179b98de7cc0e55696f2eff8f7b83fc3ebff5e696ca358bca28cc
  md5: c15148b2e18da456f5108ccb5e411446
  depends:
  - ucrt >=10.0.20348.0
  - vc >=14.2,<15
  - vc14_runtime >=14.29.30139
  constrains:
  - xz 5.8.1.*
  license: 0BSD
  size: 104935
  timestamp: 1749230611612
- conda: https://conda.anaconda.org/conda-forge/win-64/libmpdec-4.0.0-h2466b09_0.conda
  sha256: fc529fc82c7caf51202cc5cec5bb1c2e8d90edbac6d0a4602c966366efe3c7bf
  md5: 74860100b2029e2523cf480804c76b9b
  depends:
  - ucrt >=10.0.20348.0
  - vc >=14.2,<15
  - vc14_runtime >=14.29.30139
  license: BSD-2-Clause
  license_family: BSD
  size: 88657
  timestamp: 1723861474602
- conda: https://conda.anaconda.org/conda-forge/win-64/libsqlite-3.51.1-hf5d6505_0.conda
  sha256: a976c8b455d9023b83878609bd68c3b035b9839d592bd6c7be7552c523773b62
  md5: f92bef2f8e523bb0eabe60099683617a
  depends:
  - ucrt >=10.0.20348.0
  - vc >=14.3,<15
  - vc14_runtime >=14.44.35208
  license: blessing
  size: 1291059
  timestamp: 1764359545703
- conda: https://conda.anaconda.org/conda-forge/win-64/libssh2-1.11.1-h9aa295b_0.conda
  sha256: cbdf93898f2e27cefca5f3fe46519335d1fab25c4ea2a11b11502ff63e602c09
  md5: 9dce2f112bfd3400f4f432b3d0ac07b2
  depends:
  - libzlib >=1.3.1,<2.0a0
  - openssl >=3.5.0,<4.0a0
  - ucrt >=10.0.20348.0
  - vc >=14.2,<15
  - vc14_runtime >=14.29.30139
  license: BSD-3-Clause
  license_family: BSD
  size: 292785
  timestamp: 1745608759342
- conda: https://conda.anaconda.org/conda-forge/win-64/libtiff-4.7.1-h8f73337_1.conda
  sha256: f1b8cccaaeea38a28b9cd496694b2e3d372bb5be0e9377c9e3d14b330d1cba8a
  md5: 549845d5133100142452812feb9ba2e8
  depends:
  - lerc >=4.0.0,<5.0a0
  - libdeflate >=1.25,<1.26.0a0
  - libjpeg-turbo >=3.1.0,<4.0a0
  - liblzma >=5.8.1,<6.0a0
  - libzlib >=1.3.1,<2.0a0
  - ucrt >=10.0.20348.0
  - vc >=14.3,<15
  - vc14_runtime >=14.44.35208
  - zstd >=1.5.7,<1.6.0a0
  license: HPND
  size: 993166
  timestamp: 1762022118895
- conda: https://conda.anaconda.org/conda-forge/win-64/libwinpthread-12.0.0.r4.gg4f2fc60ca-h57928b3_10.conda
  sha256: 0fccf2d17026255b6e10ace1f191d0a2a18f2d65088fd02430be17c701f8ffe0
  md5: 8a86073cf3b343b87d03f41790d8b4e5
  depends:
  - ucrt
  constrains:
  - pthreads-win32 <0.0a0
  - msys2-conda-epoch <0.0a0
  license: MIT AND BSD-3-Clause-Clear
  size: 36621
  timestamp: 1759768399557
- conda: https://conda.anaconda.org/conda-forge/win-64/libxml2-2.15.1-h5d26750_0.conda
  sha256: f507960adf64ee9c9c7b7833d8b11980765ebd2bf5345f73d5a3b21b259eaed5
  md5: 9176ee05643a1bfe7f2e7b4c921d2c3d
  depends:
  - libiconv >=1.18,<2.0a0
  - liblzma >=5.8.1,<6.0a0
  - libxml2-16 2.15.1 h692994f_0
  - libzlib >=1.3.1,<2.0a0
  - ucrt >=10.0.20348.0
  - vc >=14.3,<15
  - vc14_runtime >=14.44.35208
  constrains:
  - icu <0.0a0
  license: MIT
  license_family: MIT
  size: 43209
  timestamp: 1761016354235
- conda: https://conda.anaconda.org/conda-forge/win-64/libxml2-16-2.15.1-h692994f_0.conda
  sha256: 04129dc2df47a01c55e5ccf8a18caefab94caddec41b3b10fbc409e980239eb9
  md5: 70ca4626111579c3cd63a7108fe737f9
  depends:
  - libiconv >=1.18,<2.0a0
  - liblzma >=5.8.1,<6.0a0
  - libzlib >=1.3.1,<2.0a0
  - ucrt >=10.0.20348.0
  - vc >=14.3,<15
  - vc14_runtime >=14.44.35208
  constrains:
  - icu <0.0a0
  - libxml2 2.15.1
  license: MIT
  license_family: MIT
  size: 518135
  timestamp: 1761016320405
- conda: https://conda.anaconda.org/conda-forge/win-64/libzlib-1.3.1-h2466b09_2.conda
  sha256: ba945c6493449bed0e6e29883c4943817f7c79cbff52b83360f7b341277c6402
  md5: 41fbfac52c601159df6c01f875de31b9
  depends:
  - ucrt >=10.0.20348.0
  - vc >=14.2,<15
  - vc14_runtime >=14.29.30139
  constrains:
  - zlib 1.3.1 *_2
  license: Zlib
  license_family: Other
  size: 55476
  timestamp: 1727963768015
- conda: https://conda.anaconda.org/conda-forge/win-64/openssl-3.6.0-h725018a_0.conda
  sha256: 6d72d6f766293d4f2aa60c28c244c8efed6946c430814175f959ffe8cab899b3
  md5: 84f8fb4afd1157f59098f618cd2437e4
  depends:
  - ca-certificates
  - ucrt >=10.0.20348.0
  - vc >=14.3,<15
  - vc14_runtime >=14.44.35208
  license: Apache-2.0
  license_family: Apache
  size: 9440812
  timestamp: 1762841722179
- conda: https://conda.anaconda.org/conda-forge/win-64/python-3.14.0-h4b44e0e_102_cp314.conda
  build_number: 102
  sha256: 2b8c8fcafcc30690b4c5991ee28eb80c962e50e06ce7da03b2b302e2d39d6a81
  md5: 3e1ce2fb0f277cebcae01a3c418eb5e2
  depends:
  - bzip2 >=1.0.8,<2.0a0
  - libexpat >=2.7.1,<3.0a0
  - libffi >=3.5.2,<3.6.0a0
  - liblzma >=5.8.1,<6.0a0
  - libmpdec >=4.0.0,<5.0a0
  - libsqlite >=3.50.4,<4.0a0
  - libzlib >=1.3.1,<2.0a0
  - openssl >=3.5.4,<4.0a0
  - python_abi 3.14.* *_cp314
  - tk >=8.6.13,<8.7.0a0
  - tzdata
  - ucrt >=10.0.20348.0
  - vc >=14.3,<15
  - vc14_runtime >=14.44.35208
  - zstd >=1.5.7,<1.6.0a0
  license: Python-2.0
  size: 16706286
  timestamp: 1761175439068
  python_site_packages_path: Lib/site-packages
- conda: https://conda.anaconda.org/conda-forge/noarch/python_abi-3.14-8_cp314.conda
  build_number: 8
  sha256: ad6d2e9ac39751cc0529dd1566a26751a0bf2542adb0c232533d32e176e21db5
  md5: 0539938c55b6b1a59b560e843ad864a4
  constrains:
  - python 3.14.* *_cp314
  license: BSD-3-Clause
  license_family: BSD
  size: 6989
  timestamp: 1752805904792
- conda: https://conda.anaconda.org/conda-forge/win-64/simpleitk-2.5.3-py314h24516a5_0.conda
  sha256: 35f33e0139c6e8cdd11e77d87c238aa8058f4400df3e03f0c1832eb24aa9297d
  md5: 5e5593e274e0d60d160127a083f1fc9d
  depends:
  - libitk >=5.4.5,<5.5.0a0
  - python >=3.14,<3.15.0a0
  - python_abi 3.14.* *_cp314
  - ucrt >=10.0.20348.0
  - vc >=14.3,<15
  - vc14_runtime >=14.44.35208
  license: Apache-2.0
  license_family: APACHE
  size: 10161293
  timestamp: 1764094681643
- conda: https://conda.anaconda.org/conda-forge/win-64/tbb-2022.3.0-hd094cb3_1.conda
  sha256: c31cac57913a699745d124cdc016a63e31c5749f16f60b3202414d071fc50573
  md5: 17c38aaf14c640b85c4617ccb59c1146
  depends:
  - libhwloc >=2.12.1,<2.12.2.0a0
  - ucrt >=10.0.20348.0
  - vc >=14.3,<15
  - vc14_runtime >=14.44.35208
  license: Apache-2.0
  license_family: APACHE
  size: 155714
  timestamp: 1762510341121
- conda: https://conda.anaconda.org/conda-forge/win-64/tk-8.6.13-h2c6b04d_3.conda
  sha256: 4581f4ffb432fefa1ac4f85c5682cc27014bcd66e7beaa0ee330e927a7858790
  md5: 7cb36e506a7dba4817970f8adb6396f9
  depends:
  - ucrt >=10.0.20348.0
  - vc >=14.2,<15
  - vc14_runtime >=14.29.30139
  license: TCL
  license_family: BSD
  size: 3472313
  timestamp: 1763055164278
- conda: https://conda.anaconda.org/conda-forge/noarch/tzdata-2025b-h78e105d_0.conda
  sha256: 5aaa366385d716557e365f0a4e9c3fca43ba196872abbbe3d56bb610d131e192
  md5: 4222072737ccff51314b5ece9c7d6f5a
  license: LicenseRef-Public-Domain
  size: 122968
  timestamp: 1742727099393
- conda: https://conda.anaconda.org/conda-forge/win-64/ucrt-10.0.26100.0-h57928b3_0.conda
  sha256: 3005729dce6f3d3f5ec91dfc49fc75a0095f9cd23bab49efb899657297ac91a5
  md5: 71b24316859acd00bdb8b38f5e2ce328
  constrains:
  - vc14_runtime >=14.29.30037
  - vs2015_runtime >=14.29.30037
  license: LicenseRef-MicrosoftWindowsSDK10
  size: 694692
  timestamp: 1756385147981
- conda: https://conda.anaconda.org/conda-forge/win-64/vc-14.3-h2b53caa_32.conda
  sha256: 82250af59af9ff3c6a635dd4c4764c631d854feb334d6747d356d949af44d7cf
  md5: ef02bbe151253a72b8eda264a935db66
  depends:
  - vc14_runtime >=14.42.34433
  track_features:
  - vc14
  license: BSD-3-Clause
  license_family: BSD
  size: 18861
  timestamp: 1760418772353
- conda: https://conda.anaconda.org/conda-forge/win-64/vc14_runtime-14.44.35208-h818238b_32.conda
  sha256: e3a3656b70d1202e0d042811ceb743bd0d9f7e00e2acdf824d231b044ef6c0fd
  md5: 378d5dcec45eaea8d303da6f00447ac0
  depends:
  - ucrt >=10.0.20348.0
  - vcomp14 14.44.35208 h818238b_32
  constrains:
  - vs2015_runtime 14.44.35208.* *_32
  license: LicenseRef-MicrosoftVisualCpp2015-2022Runtime
  license_family: Proprietary
  size: 682706
  timestamp: 1760418629729
- conda: https://conda.anaconda.org/conda-forge/win-64/vcomp14-14.44.35208-h818238b_32.conda
  sha256: f3790c88fbbdc55874f41de81a4237b1b91eab75e05d0e58661518ff04d2a8a1
  md5: 58f67b437acbf2764317ba273d731f1d
  depends:
  - ucrt >=10.0.20348.0
  constrains:
  - vs2015_runtime 14.44.35208.* *_32
  license: LicenseRef-MicrosoftVisualCpp2015-2022Runtime
  license_family: Proprietary
  size: 114846
  timestamp: 1760418593847
- conda: https://conda.anaconda.org/conda-forge/win-64/zstd-1.5.7-h1b5488d_5.conda
  sha256: d4bfff25643c1925ad9cc3797de48905ae9cd6cff4de4693bc91629c58a0ca6e
  md5: 41f557b6596aa2d7bc53c48430c8ab1e
  depends:
  - libzlib >=1.3.1,<2.0a0
  - ucrt >=10.0.20348.0
  - vc >=14.3,<15
  - vc14_runtime >=14.44.35208
  license: BSD-3-Clause
  license_family: BSD
  size: 359369
  timestamp: 1764567098655
